// !$*UTF8*$!
{
	archiveVersion = 1;
	classes = {
	};
	objectVersion = 56;
	objects = {

/* Begin PBXBuildFile section */
		0B8C34162A23433E00E94B2E /* meta_advanced_programming_in_swiftApp.swift in Sources */ = {isa = PBXBuildFile; fileRef = 0B8C34152A23433E00E94B2E /* meta_advanced_programming_in_swiftApp.swift */; };
		0B8C34182A23433E00E94B2E /* ContentView.swift in Sources */ = {isa = PBXBuildFile; fileRef = 0B8C34172A23433E00E94B2E /* ContentView.swift */; };
		0B8C341A2A23434000E94B2E /* Assets.xcassets in Resources */ = {isa = PBXBuildFile; fileRef = 0B8C34192A23434000E94B2E /* Assets.xcassets */; };
		0B8C341D2A23434000E94B2E /* Preview Assets.xcassets in Resources */ = {isa = PBXBuildFile; fileRef = 0B8C341C2A23434000E94B2E /* Preview Assets.xcassets */; };
		0B8C34272A23434100E94B2E /* meta_advanced_programming_in_swiftTests.swift in Sources */ = {isa = PBXBuildFile; fileRef = 0B8C34262A23434100E94B2E /* meta_advanced_programming_in_swiftTests.swift */; };
		0B8C34312A23434100E94B2E /* meta_advanced_programming_in_swiftUITests.swift in Sources */ = {isa = PBXBuildFile; fileRef = 0B8C34302A23434100E94B2E /* meta_advanced_programming_in_swiftUITests.swift */; };
		0B8C34332A23434100E94B2E /* meta_advanced_programming_in_swiftUITestsLaunchTests.swift in Sources */ = {isa = PBXBuildFile; fileRef = 0B8C34322A23434100E94B2E /* meta_advanced_programming_in_swiftUITestsLaunchTests.swift */; };
		0B8C34402A23449500E94B2E /* MenuItemsView.swift in Sources */ = {isa = PBXBuildFile; fileRef = 0B8C343F2A23449500E94B2E /* MenuItemsView.swift */; };
		0B8C34422A2344B800E94B2E /* MenuItemsOptionView.swift in Sources */ = {isa = PBXBuildFile; fileRef = 0B8C34412A2344B800E94B2E /* MenuItemsOptionView.swift */; };
		0B8C34442A2344C700E94B2E /* MenuItemDetailsView.swift in Sources */ = {isa = PBXBuildFile; fileRef = 0B8C34432A2344C700E94B2E /* MenuItemDetailsView.swift */; };
		0B8C34462A2358CF00E94B2E /* MenuCategory.swift in Sources */ = {isa = PBXBuildFile; fileRef = 0B8C34452A2358CF00E94B2E /* MenuCategory.swift */; };
		0B8C34482A2358FB00E94B2E /* Ingredient.swift in Sources */ = {isa = PBXBuildFile; fileRef = 0B8C34472A2358FB00E94B2E /* Ingredient.swift */; };
		0B8C344A2A235B1100E94B2E /* MenuItem.swift in Sources */ = {isa = PBXBuildFile; fileRef = 0B8C34492A235B1100E94B2E /* MenuItem.swift */; };
		0B8C344C2A235C6D00E94B2E /* MenuItemsViewModel.swift in Sources */ = {isa = PBXBuildFile; fileRef = 0B8C344B2A235C6D00E94B2E /* MenuItemsViewModel.swift */; };
/* End PBXBuildFile section */

/* Begin PBXContainerItemProxy section */
		0B8C34232A23434100E94B2E /* PBXContainerItemProxy */ = {
			isa = PBXContainerItemProxy;
			containerPortal = 0B8C340A2A23433E00E94B2E /* Project object */;
			proxyType = 1;
			remoteGlobalIDString = 0B8C34112A23433E00E94B2E;
			remoteInfo = "meta-advanced-programming-in-swift";
		};
		0B8C342D2A23434100E94B2E /* PBXContainerItemProxy */ = {
			isa = PBXContainerItemProxy;
			containerPortal = 0B8C340A2A23433E00E94B2E /* Project object */;
			proxyType = 1;
			remoteGlobalIDString = 0B8C34112A23433E00E94B2E;
			remoteInfo = "meta-advanced-programming-in-swift";
		};
/* End PBXContainerItemProxy section */

/* Begin PBXFileReference section */
		0B8C34122A23433E00E94B2E /* meta-advanced-programming-in-swift.app */ = {isa = PBXFileReference; explicitFileType = wrapper.application; includeInIndex = 0; path = "meta-advanced-programming-in-swift.app"; sourceTree = BUILT_PRODUCTS_DIR; };
		0B8C34152A23433E00E94B2E /* meta_advanced_programming_in_swiftApp.swift */ = {isa = PBXFileReference; lastKnownFileType = sourcecode.swift; path = meta_advanced_programming_in_swiftApp.swift; sourceTree = "<group>"; };
		0B8C34172A23433E00E94B2E /* ContentView.swift */ = {isa = PBXFileReference; lastKnownFileType = sourcecode.swift; path = ContentView.swift; sourceTree = "<group>"; };
		0B8C34192A23434000E94B2E /* Assets.xcassets */ = {isa = PBXFileReference; lastKnownFileType = folder.assetcatalog; path = Assets.xcassets; sourceTree = "<group>"; };
		0B8C341C2A23434000E94B2E /* Preview Assets.xcassets */ = {isa = PBXFileReference; lastKnownFileType = folder.assetcatalog; path = "Preview Assets.xcassets"; sourceTree = "<group>"; };
		0B8C34222A23434100E94B2E /* meta-advanced-programming-in-swiftTests.xctest */ = {isa = PBXFileReference; explicitFileType = wrapper.cfbundle; includeInIndex = 0; path = "meta-advanced-programming-in-swiftTests.xctest"; sourceTree = BUILT_PRODUCTS_DIR; };
		0B8C34262A23434100E94B2E /* meta_advanced_programming_in_swiftTests.swift */ = {isa = PBXFileReference; lastKnownFileType = sourcecode.swift; path = meta_advanced_programming_in_swiftTests.swift; sourceTree = "<group>"; };
		0B8C342C2A23434100E94B2E /* meta-advanced-programming-in-swiftUITests.xctest */ = {isa = PBXFileReference; explicitFileType = wrapper.cfbundle; includeInIndex = 0; path = "meta-advanced-programming-in-swiftUITests.xctest"; sourceTree = BUILT_PRODUCTS_DIR; };
		0B8C34302A23434100E94B2E /* meta_advanced_programming_in_swiftUITests.swift */ = {isa = PBXFileReference; lastKnownFileType = sourcecode.swift; path = meta_advanced_programming_in_swiftUITests.swift; sourceTree = "<group>"; };
		0B8C34322A23434100E94B2E /* meta_advanced_programming_in_swiftUITestsLaunchTests.swift */ = {isa = PBXFileReference; lastKnownFileType = sourcecode.swift; path = meta_advanced_programming_in_swiftUITestsLaunchTests.swift; sourceTree = "<group>"; };
		0B8C343F2A23449500E94B2E /* MenuItemsView.swift */ = {isa = PBXFileReference; lastKnownFileType = sourcecode.swift; path = MenuItemsView.swift; sourceTree = "<group>"; };
		0B8C34412A2344B800E94B2E /* MenuItemsOptionView.swift */ = {isa = PBXFileReference; lastKnownFileType = sourcecode.swift; path = MenuItemsOptionView.swift; sourceTree = "<group>"; };
		0B8C34432A2344C700E94B2E /* MenuItemDetailsView.swift */ = {isa = PBXFileReference; lastKnownFileType = sourcecode.swift; path = MenuItemDetailsView.swift; sourceTree = "<group>"; };
		0B8C34452A2358CF00E94B2E /* MenuCategory.swift */ = {isa = PBXFileReference; lastKnownFileType = sourcecode.swift; path = MenuCategory.swift; sourceTree = "<group>"; };
		0B8C34472A2358FB00E94B2E /* Ingredient.swift */ = {isa = PBXFileReference; lastKnownFileType = sourcecode.swift; path = Ingredient.swift; sourceTree = "<group>"; };
		0B8C34492A235B1100E94B2E /* MenuItem.swift */ = {isa = PBXFileReference; lastKnownFileType = sourcecode.swift; path = MenuItem.swift; sourceTree = "<group>"; };
		0B8C344B2A235C6D00E94B2E /* MenuItemsViewModel.swift */ = {isa = PBXFileReference; lastKnownFileType = sourcecode.swift; path = MenuItemsViewModel.swift; sourceTree = "<group>"; };
/* End PBXFileReference section */

/* Begin PBXFrameworksBuildPhase section */
		0B8C340F2A23433E00E94B2E /* Frameworks */ = {
			isa = PBXFrameworksBuildPhase;
			buildActionMask = 2147483647;
			files = (
			);
			runOnlyForDeploymentPostprocessing = 0;
		};
		0B8C341F2A23434100E94B2E /* Frameworks */ = {
			isa = PBXFrameworksBuildPhase;
			buildActionMask = 2147483647;
			files = (
			);
			runOnlyForDeploymentPostprocessing = 0;
		};
		0B8C34292A23434100E94B2E /* Frameworks */ = {
			isa = PBXFrameworksBuildPhase;
			buildActionMask = 2147483647;
			files = (
			);
			runOnlyForDeploymentPostprocessing = 0;
		};
/* End PBXFrameworksBuildPhase section */

/* Begin PBXGroup section */
		0B8C34092A23433E00E94B2E = {
			isa = PBXGroup;
			children = (
				0B8C34142A23433E00E94B2E /* meta-advanced-programming-in-swift */,
				0B8C34252A23434100E94B2E /* meta-advanced-programming-in-swiftTests */,
				0B8C342F2A23434100E94B2E /* meta-advanced-programming-in-swiftUITests */,
				0B8C34132A23433E00E94B2E /* Products */,
			);
			sourceTree = "<group>";
		};
		0B8C34132A23433E00E94B2E /* Products */ = {
			isa = PBXGroup;
			children = (
				0B8C34122A23433E00E94B2E /* meta-advanced-programming-in-swift.app */,
				0B8C34222A23434100E94B2E /* meta-advanced-programming-in-swiftTests.xctest */,
				0B8C342C2A23434100E94B2E /* meta-advanced-programming-in-swiftUITests.xctest */,
			);
			name = Products;
			sourceTree = "<group>";
		};
		0B8C34142A23433E00E94B2E /* meta-advanced-programming-in-swift */ = {
			isa = PBXGroup;
			children = (
				0B8C34152A23433E00E94B2E /* meta_advanced_programming_in_swiftApp.swift */,
				0B8C34172A23433E00E94B2E /* ContentView.swift */,
				0B8C34192A23434000E94B2E /* Assets.xcassets */,
				0B8C341B2A23434000E94B2E /* Preview Content */,
				0B8C343F2A23449500E94B2E /* MenuItemsView.swift */,
				0B8C34412A2344B800E94B2E /* MenuItemsOptionView.swift */,
				0B8C34432A2344C700E94B2E /* MenuItemDetailsView.swift */,
				0B8C34452A2358CF00E94B2E /* MenuCategory.swift */,
				0B8C34472A2358FB00E94B2E /* Ingredient.swift */,
				0B8C34492A235B1100E94B2E /* MenuItem.swift */,
				0B8C344B2A235C6D00E94B2E /* MenuItemsViewModel.swift */,
			);
			path = "meta-advanced-programming-in-swift";
			sourceTree = "<group>";
		};
		0B8C341B2A23434000E94B2E /* Preview Content */ = {
			isa = PBXGroup;
			children = (
				0B8C341C2A23434000E94B2E /* Preview Assets.xcassets */,
			);
			path = "Preview Content";
			sourceTree = "<group>";
		};
		0B8C34252A23434100E94B2E /* meta-advanced-programming-in-swiftTests */ = {
			isa = PBXGroup;
			children = (
				0B8C34262A23434100E94B2E /* meta_advanced_programming_in_swiftTests.swift */,
			);
			path = "meta-advanced-programming-in-swiftTests";
			sourceTree = "<group>";
		};
		0B8C342F2A23434100E94B2E /* meta-advanced-programming-in-swiftUITests */ = {
			isa = PBXGroup;
			children = (
				0B8C34302A23434100E94B2E /* meta_advanced_programming_in_swiftUITests.swift */,
				0B8C34322A23434100E94B2E /* meta_advanced_programming_in_swiftUITestsLaunchTests.swift */,
			);
			path = "meta-advanced-programming-in-swiftUITests";
			sourceTree = "<group>";
		};
/* End PBXGroup section */

/* Begin PBXNativeTarget section */
		0B8C34112A23433E00E94B2E /* meta-advanced-programming-in-swift */ = {
			isa = PBXNativeTarget;
			buildConfigurationList = 0B8C34362A23434100E94B2E /* Build configuration list for PBXNativeTarget "meta-advanced-programming-in-swift" */;
			buildPhases = (
				0B8C340E2A23433E00E94B2E /* Sources */,
				0B8C340F2A23433E00E94B2E /* Frameworks */,
				0B8C34102A23433E00E94B2E /* Resources */,
			);
			buildRules = (
			);
			dependencies = (
			);
			name = "meta-advanced-programming-in-swift";
			productName = "meta-advanced-programming-in-swift";
			productReference = 0B8C34122A23433E00E94B2E /* meta-advanced-programming-in-swift.app */;
			productType = "com.apple.product-type.application";
		};
		0B8C34212A23434100E94B2E /* meta-advanced-programming-in-swiftTests */ = {
			isa = PBXNativeTarget;
			buildConfigurationList = 0B8C34392A23434100E94B2E /* Build configuration list for PBXNativeTarget "meta-advanced-programming-in-swiftTests" */;
			buildPhases = (
				0B8C341E2A23434100E94B2E /* Sources */,
				0B8C341F2A23434100E94B2E /* Frameworks */,
				0B8C34202A23434100E94B2E /* Resources */,
			);
			buildRules = (
			);
			dependencies = (
				0B8C34242A23434100E94B2E /* PBXTargetDependency */,
			);
			name = "meta-advanced-programming-in-swiftTests";
			productName = "meta-advanced-programming-in-swiftTests";
			productReference = 0B8C34222A23434100E94B2E /* meta-advanced-programming-in-swiftTests.xctest */;
			productType = "com.apple.product-type.bundle.unit-test";
		};
		0B8C342B2A23434100E94B2E /* meta-advanced-programming-in-swiftUITests */ = {
			isa = PBXNativeTarget;
			buildConfigurationList = 0B8C343C2A23434100E94B2E /* Build configuration list for PBXNativeTarget "meta-advanced-programming-in-swiftUITests" */;
			buildPhases = (
				0B8C34282A23434100E94B2E /* Sources */,
				0B8C34292A23434100E94B2E /* Frameworks */,
				0B8C342A2A23434100E94B2E /* Resources */,
			);
			buildRules = (
			);
			dependencies = (
				0B8C342E2A23434100E94B2E /* PBXTargetDependency */,
			);
			name = "meta-advanced-programming-in-swiftUITests";
			productName = "meta-advanced-programming-in-swiftUITests";
			productReference = 0B8C342C2A23434100E94B2E /* meta-advanced-programming-in-swiftUITests.xctest */;
			productType = "com.apple.product-type.bundle.ui-testing";
		};
/* End PBXNativeTarget section */

/* Begin PBXProject section */
		0B8C340A2A23433E00E94B2E /* Project object */ = {
			isa = PBXProject;
			attributes = {
				BuildIndependentTargetsInParallel = 1;
				LastSwiftUpdateCheck = 1420;
				LastUpgradeCheck = 1420;
				TargetAttributes = {
					0B8C34112A23433E00E94B2E = {
						CreatedOnToolsVersion = 14.2;
					};
					0B8C34212A23434100E94B2E = {
						CreatedOnToolsVersion = 14.2;
						TestTargetID = 0B8C34112A23433E00E94B2E;
					};
					0B8C342B2A23434100E94B2E = {
						CreatedOnToolsVersion = 14.2;
						TestTargetID = 0B8C34112A23433E00E94B2E;
					};
				};
			};
			buildConfigurationList = 0B8C340D2A23433E00E94B2E /* Build configuration list for PBXProject "meta-advanced-programming-in-swift" */;
			compatibilityVersion = "Xcode 14.0";
			developmentRegion = en;
			hasScannedForEncodings = 0;
			knownRegions = (
				en,
				Base,
			);
			mainGroup = 0B8C34092A23433E00E94B2E;
			productRefGroup = 0B8C34132A23433E00E94B2E /* Products */;
			projectDirPath = "";
			projectRoot = "";
			targets = (
				0B8C34112A23433E00E94B2E /* meta-advanced-programming-in-swift */,
				0B8C34212A23434100E94B2E /* meta-advanced-programming-in-swiftTests */,
				0B8C342B2A23434100E94B2E /* meta-advanced-programming-in-swiftUITests */,
			);
		};
/* End PBXProject section */

/* Begin PBXResourcesBuildPhase section */
		0B8C34102A23433E00E94B2E /* Resources */ = {
			isa = PBXResourcesBuildPhase;
			buildActionMask = 2147483647;
			files = (
				0B8C341D2A23434000E94B2E /* Preview Assets.xcassets in Resources */,
				0B8C341A2A23434000E94B2E /* Assets.xcassets in Resources */,
			);
			runOnlyForDeploymentPostprocessing = 0;
		};
		0B8C34202A23434100E94B2E /* Resources */ = {
			isa = PBXResourcesBuildPhase;
			buildActionMask = 2147483647;
			files = (
			);
			runOnlyForDeploymentPostprocessing = 0;
		};
		0B8C342A2A23434100E94B2E /* Resources */ = {
			isa = PBXResourcesBuildPhase;
			buildActionMask = 2147483647;
			files = (
			);
			runOnlyForDeploymentPostprocessing = 0;
		};
/* End PBXResourcesBuildPhase section */

/* Begin PBXSourcesBuildPhase section */
		0B8C340E2A23433E00E94B2E /* Sources */ = {
			isa = PBXSourcesBuildPhase;
			buildActionMask = 2147483647;
			files = (
				0B8C34182A23433E00E94B2E /* ContentView.swift in Sources */,
				0B8C34402A23449500E94B2E /* MenuItemsView.swift in Sources */,
				0B8C34482A2358FB00E94B2E /* Ingredient.swift in Sources */,
				0B8C34162A23433E00E94B2E /* meta_advanced_programming_in_swiftApp.swift in Sources */,
				0B8C344C2A235C6D00E94B2E /* MenuItemsViewModel.swift in Sources */,
				0B8C34422A2344B800E94B2E /* MenuItemsOptionView.swift in Sources */,
				0B8C344A2A235B1100E94B2E /* MenuItem.swift in Sources */,
				0B8C34462A2358CF00E94B2E /* MenuCategory.swift in Sources */,
				0B8C34442A2344C700E94B2E /* MenuItemDetailsView.swift in Sources */,
			);
			runOnlyForDeploymentPostprocessing = 0;
		};
		0B8C341E2A23434100E94B2E /* Sources */ = {
			isa = PBXSourcesBuildPhase;
			buildActionMask = 2147483647;
			files = (
				0B8C34272A23434100E94B2E /* meta_advanced_programming_in_swiftTests.swift in Sources */,
			);
			runOnlyForDeploymentPostprocessing = 0;
		};
		0B8C34282A23434100E94B2E /* Sources */ = {
			isa = PBXSourcesBuildPhase;
			buildActionMask = 2147483647;
			files = (
				0B8C34332A23434100E94B2E /* meta_advanced_programming_in_swiftUITestsLaunchTests.swift in Sources */,
				0B8C34312A23434100E94B2E /* meta_advanced_programming_in_swiftUITests.swift in Sources */,
			);
			runOnlyForDeploymentPostprocessing = 0;
		};
/* End PBXSourcesBuildPhase section */

/* Begin PBXTargetDependency section */
		0B8C34242A23434100E94B2E /* PBXTargetDependency */ = {
			isa = PBXTargetDependency;
			target = 0B8C34112A23433E00E94B2E /* meta-advanced-programming-in-swift */;
			targetProxy = 0B8C34232A23434100E94B2E /* PBXContainerItemProxy */;
		};
		0B8C342E2A23434100E94B2E /* PBXTargetDependency */ = {
			isa = PBXTargetDependency;
			target = 0B8C34112A23433E00E94B2E /* meta-advanced-programming-in-swift */;
			targetProxy = 0B8C342D2A23434100E94B2E /* PBXContainerItemProxy */;
		};
/* End PBXTargetDependency section */

/* Begin XCBuildConfiguration section */
		0B8C34342A23434100E94B2E /* Debug */ = {
			isa = XCBuildConfiguration;
			buildSettings = {
				ALWAYS_SEARCH_USER_PATHS = NO;
				CLANG_ANALYZER_NONNULL = YES;
				CLANG_ANALYZER_NUMBER_OBJECT_CONVERSION = YES_AGGRESSIVE;
				CLANG_CXX_LANGUAGE_STANDARD = "gnu++20";
				CLANG_ENABLE_MODULES = YES;
				CLANG_ENABLE_OBJC_ARC = YES;
				CLANG_ENABLE_OBJC_WEAK = YES;
				CLANG_WARN_BLOCK_CAPTURE_AUTORELEASING = YES;
				CLANG_WARN_BOOL_CONVERSION = YES;
				CLANG_WARN_COMMA = YES;
				CLANG_WARN_CONSTANT_CONVERSION = YES;
				CLANG_WARN_DEPRECATED_OBJC_IMPLEMENTATIONS = YES;
				CLANG_WARN_DIRECT_OBJC_ISA_USAGE = YES_ERROR;
				CLANG_WARN_DOCUMENTATION_COMMENTS = YES;
				CLANG_WARN_EMPTY_BODY = YES;
				CLANG_WARN_ENUM_CONVERSION = YES;
				CLANG_WARN_INFINITE_RECURSION = YES;
				CLANG_WARN_INT_CONVERSION = YES;
				CLANG_WARN_NON_LITERAL_NULL_CONVERSION = YES;
				CLANG_WARN_OBJC_IMPLICIT_RETAIN_SELF = YES;
				CLANG_WARN_OBJC_LITERAL_CONVERSION = YES;
				CLANG_WARN_OBJC_ROOT_CLASS = YES_ERROR;
				CLANG_WARN_QUOTED_INCLUDE_IN_FRAMEWORK_HEADER = YES;
				CLANG_WARN_RANGE_LOOP_ANALYSIS = YES;
				CLANG_WARN_STRICT_PROTOTYPES = YES;
				CLANG_WARN_SUSPICIOUS_MOVE = YES;
				CLANG_WARN_UNGUARDED_AVAILABILITY = YES_AGGRESSIVE;
				CLANG_WARN_UNREACHABLE_CODE = YES;
				CLANG_WARN__DUPLICATE_METHOD_MATCH = YES;
				COPY_PHASE_STRIP = NO;
				DEBUG_INFORMATION_FORMAT = dwarf;
				ENABLE_STRICT_OBJC_MSGSEND = YES;
				ENABLE_TESTABILITY = YES;
				GCC_C_LANGUAGE_STANDARD = gnu11;
				GCC_DYNAMIC_NO_PIC = NO;
				GCC_NO_COMMON_BLOCKS = YES;
				GCC_OPTIMIZATION_LEVEL = 0;
				GCC_PREPROCESSOR_DEFINITIONS = (
					"DEBUG=1",
					"$(inherited)",
				);
				GCC_WARN_64_TO_32_BIT_CONVERSION = YES;
				GCC_WARN_ABOUT_RETURN_TYPE = YES_ERROR;
				GCC_WARN_UNDECLARED_SELECTOR = YES;
				GCC_WARN_UNINITIALIZED_AUTOS = YES_AGGRESSIVE;
				GCC_WARN_UNUSED_FUNCTION = YES;
				GCC_WARN_UNUSED_VARIABLE = YES;
				IPHONEOS_DEPLOYMENT_TARGET = 16.2;
				MTL_ENABLE_DEBUG_INFO = INCLUDE_SOURCE;
				MTL_FAST_MATH = YES;
				ONLY_ACTIVE_ARCH = YES;
				SDKROOT = iphoneos;
				SWIFT_ACTIVE_COMPILATION_CONDITIONS = DEBUG;
				SWIFT_OPTIMIZATION_LEVEL = "-Onone";
			};
			name = Debug;
		};
		0B8C34352A23434100E94B2E /* Release */ = {
			isa = XCBuildConfiguration;
			buildSettings = {
				ALWAYS_SEARCH_USER_PATHS = NO;
				CLANG_ANALYZER_NONNULL = YES;
				CLANG_ANALYZER_NUMBER_OBJECT_CONVERSION = YES_AGGRESSIVE;
				CLANG_CXX_LANGUAGE_STANDARD = "gnu++20";
				CLANG_ENABLE_MODULES = YES;
				CLANG_ENABLE_OBJC_ARC = YES;
				CLANG_ENABLE_OBJC_WEAK = YES;
				CLANG_WARN_BLOCK_CAPTURE_AUTORELEASING = YES;
				CLANG_WARN_BOOL_CONVERSION = YES;
				CLANG_WARN_COMMA = YES;
				CLANG_WARN_CONSTANT_CONVERSION = YES;
				CLANG_WARN_DEPRECATED_OBJC_IMPLEMENTATIONS = YES;
				CLANG_WARN_DIRECT_OBJC_ISA_USAGE = YES_ERROR;
				CLANG_WARN_DOCUMENTATION_COMMENTS = YES;
				CLANG_WARN_EMPTY_BODY = YES;
				CLANG_WARN_ENUM_CONVERSION = YES;
				CLANG_WARN_INFINITE_RECURSION = YES;
				CLANG_WARN_INT_CONVERSION = YES;
				CLANG_WARN_NON_LITERAL_NULL_CONVERSION = YES;
				CLANG_WARN_OBJC_IMPLICIT_RETAIN_SELF = YES;
				CLANG_WARN_OBJC_LITERAL_CONVERSION = YES;
				CLANG_WARN_OBJC_ROOT_CLASS = YES_ERROR;
				CLANG_WARN_QUOTED_INCLUDE_IN_FRAMEWORK_HEADER = YES;
				CLANG_WARN_RANGE_LOOP_ANALYSIS = YES;
				CLANG_WARN_STRICT_PROTOTYPES = YES;
				CLANG_WARN_SUSPICIOUS_MOVE = YES;
				CLANG_WARN_UNGUARDED_AVAILABILITY = YES_AGGRESSIVE;
				CLANG_WARN_UNREACHABLE_CODE = YES;
				CLANG_WARN__DUPLICATE_METHOD_MATCH = YES;
				COPY_PHASE_STRIP = NO;
				DEBUG_INFORMATION_FORMAT = "dwarf-with-dsym";
				ENABLE_NS_ASSERTIONS = NO;
				ENABLE_STRICT_OBJC_MSGSEND = YES;
				GCC_C_LANGUAGE_STANDARD = gnu11;
				GCC_NO_COMMON_BLOCKS = YES;
				GCC_WARN_64_TO_32_BIT_CONVERSION = YES;
				GCC_WARN_ABOUT_RETURN_TYPE = YES_ERROR;
				GCC_WARN_UNDECLARED_SELECTOR = YES;
				GCC_WARN_UNINITIALIZED_AUTOS = YES_AGGRESSIVE;
				GCC_WARN_UNUSED_FUNCTION = YES;
				GCC_WARN_UNUSED_VARIABLE = YES;
				IPHONEOS_DEPLOYMENT_TARGET = 16.2;
				MTL_ENABLE_DEBUG_INFO = NO;
				MTL_FAST_MATH = YES;
				SDKROOT = iphoneos;
				SWIFT_COMPILATION_MODE = wholemodule;
				SWIFT_OPTIMIZATION_LEVEL = "-O";
				VALIDATE_PRODUCT = YES;
			};
			name = Release;
		};
		0B8C34372A23434100E94B2E /* Debug */ = {
			isa = XCBuildConfiguration;
			buildSettings = {
				ASSETCATALOG_COMPILER_APPICON_NAME = AppIcon;
				ASSETCATALOG_COMPILER_GLOBAL_ACCENT_COLOR_NAME = AccentColor;
				CODE_SIGN_STYLE = Automatic;
				CURRENT_PROJECT_VERSION = 1;
				DEVELOPMENT_ASSET_PATHS = "\"meta-advanced-programming-in-swift/Preview Content\"";
				DEVELOPMENT_TEAM = 3797L2NJ4X;
				ENABLE_PREVIEWS = YES;
				GENERATE_INFOPLIST_FILE = YES;
				INFOPLIST_KEY_UIApplicationSceneManifest_Generation = YES;
				INFOPLIST_KEY_UIApplicationSupportsIndirectInputEvents = YES;
				INFOPLIST_KEY_UILaunchScreen_Generation = YES;
				INFOPLIST_KEY_UISupportedInterfaceOrientations_iPad = "UIInterfaceOrientationPortrait UIInterfaceOrientationPortraitUpsideDown UIInterfaceOrientationLandscapeLeft UIInterfaceOrientationLandscapeRight";
				INFOPLIST_KEY_UISupportedInterfaceOrientations_iPhone = "UIInterfaceOrientationPortrait UIInterfaceOrientationLandscapeLeft UIInterfaceOrientationLandscapeRight";
				LD_RUNPATH_SEARCH_PATHS = (
					"$(inherited)",
					"@executable_path/Frameworks",
				);
				MARKETING_VERSION = 1.0;
				PRODUCT_BUNDLE_IDENTIFIER = "com.nhatnuoc.meta-advanced-programming-in-swift";
				PRODUCT_NAME = "$(TARGET_NAME)";
				SWIFT_EMIT_LOC_STRINGS = YES;
				SWIFT_VERSION = 5.0;
				TARGETED_DEVICE_FAMILY = "1,2";
			};
			name = Debug;
		};
		0B8C34382A23434100E94B2E /* Release */ = {
			isa = XCBuildConfiguration;
			buildSettings = {
				ASSETCATALOG_COMPILER_APPICON_NAME = AppIcon;
				ASSETCATALOG_COMPILER_GLOBAL_ACCENT_COLOR_NAME = AccentColor;
				CODE_SIGN_STYLE = Automatic;
				CURRENT_PROJECT_VERSION = 1;
				DEVELOPMENT_ASSET_PATHS = "\"meta-advanced-programming-in-swift/Preview Content\"";
				DEVELOPMENT_TEAM = 3797L2NJ4X;
				ENABLE_PREVIEWS = YES;
				GENERATE_INFOPLIST_FILE = YES;
				INFOPLIST_KEY_UIApplicationSceneManifest_Generation = YES;
				INFOPLIST_KEY_UIApplicationSupportsIndirectInputEvents = YES;
				INFOPLIST_KEY_UILaunchScreen_Generation = YES;
				INFOPLIST_KEY_UISupportedInterfaceOrientations_iPad = "UIInterfaceOrientationPortrait UIInterfaceOrientationPortraitUpsideDown UIInterfaceOrientationLandscapeLeft UIInterfaceOrientationLandscapeRight";
				INFOPLIST_KEY_UISupportedInterfaceOrientations_iPhone = "UIInterfaceOrientationPortrait UIInterfaceOrientationLandscapeLeft UIInterfaceOrientationLandscapeRight";
				LD_RUNPATH_SEARCH_PATHS = (
					"$(inherited)",
					"@executable_path/Frameworks",
				);
				MARKETING_VERSION = 1.0;
				PRODUCT_BUNDLE_IDENTIFIER = "com.nhatnuoc.meta-advanced-programming-in-swift";
				PRODUCT_NAME = "$(TARGET_NAME)";
				SWIFT_EMIT_LOC_STRINGS = YES;
				SWIFT_VERSION = 5.0;
				TARGETED_DEVICE_FAMILY = "1,2";
			};
			name = Release;
		};
		0B8C343A2A23434100E94B2E /* Debug */ = {
			isa = XCBuildConfiguration;
			buildSettings = {
				ALWAYS_EMBED_SWIFT_STANDARD_LIBRARIES = YES;
				BUNDLE_LOADER = "$(TEST_HOST)";
				CODE_SIGN_STYLE = Automatic;
				CURRENT_PROJECT_VERSION = 1;
				DEVELOPMENT_TEAM = 3797L2NJ4X;
				GENERATE_INFOPLIST_FILE = YES;
				IPHONEOS_DEPLOYMENT_TARGET = 16.2;
				MARKETING_VERSION = 1.0;
				PRODUCT_BUNDLE_IDENTIFIER = "com.nhatnuoc.meta-advanced-programming-in-swiftTests";
				PRODUCT_NAME = "$(TARGET_NAME)";
				SWIFT_EMIT_LOC_STRINGS = NO;
				SWIFT_VERSION = 5.0;
				TARGETED_DEVICE_FAMILY = "1,2";
				TEST_HOST = "$(BUILT_PRODUCTS_DIR)/meta-advanced-programming-in-swift.app/$(BUNDLE_EXECUTABLE_FOLDER_PATH)/meta-advanced-programming-in-swift";
			};
			name = Debug;
		};
		0B8C343B2A23434100E94B2E /* Release */ = {
			isa = XCBuildConfiguration;
			buildSettings = {
				ALWAYS_EMBED_SWIFT_STANDARD_LIBRARIES = YES;
				BUNDLE_LOADER = "$(TEST_HOST)";
				CODE_SIGN_STYLE = Automatic;
				CURRENT_PROJECT_VERSION = 1;
				DEVELOPMENT_TEAM = 3797L2NJ4X;
				GENERATE_INFOPLIST_FILE = YES;
				IPHONEOS_DEPLOYMENT_TARGET = 16.2;
				MARKETING_VERSION = 1.0;
				PRODUCT_BUNDLE_IDENTIFIER = "com.nhatnuoc.meta-advanced-programming-in-swiftTests";
				PRODUCT_NAME = "$(TARGET_NAME)";
				SWIFT_EMIT_LOC_STRINGS = NO;
				SWIFT_VERSION = 5.0;
				TARGETED_DEVICE_FAMILY = "1,2";
				TEST_HOST = "$(BUILT_PRODUCTS_DIR)/meta-advanced-programming-in-swift.app/$(BUNDLE_EXECUTABLE_FOLDER_PATH)/meta-advanced-programming-in-swift";
			};
			name = Release;
		};
		0B8C343D2A23434100E94B2E /* Debug */ = {
			isa = XCBuildConfiguration;
			buildSettings = {
				ALWAYS_EMBED_SWIFT_STANDARD_LIBRARIES = YES;
				CODE_SIGN_STYLE = Automatic;
				CURRENT_PROJECT_VERSION = 1;
				DEVELOPMENT_TEAM = 3797L2NJ4X;
				GENERATE_INFOPLIST_FILE = YES;
				MARKETING_VERSION = 1.0;
				PRODUCT_BUNDLE_IDENTIFIER = "com.nhatnuoc.meta-advanced-programming-in-swiftUITests";
				PRODUCT_NAME = "$(TARGET_NAME)";
				SWIFT_EMIT_LOC_STRINGS = NO;
				SWIFT_VERSION = 5.0;
				TARGETED_DEVICE_FAMILY = "1,2";
				TEST_TARGET_NAME = "meta-advanced-programming-in-swift";
			};
			name = Debug;
		};
		0B8C343E2A23434100E94B2E /* Release */ = {
			isa = XCBuildConfiguration;
			buildSettings = {
				ALWAYS_EMBED_SWIFT_STANDARD_LIBRARIES = YES;
				CODE_SIGN_STYLE = Automatic;
				CURRENT_PROJECT_VERSION = 1;
				DEVELOPMENT_TEAM = 3797L2NJ4X;
				GENERATE_INFOPLIST_FILE = YES;
				MARKETING_VERSION = 1.0;
				PRODUCT_BUNDLE_IDENTIFIER = "com.nhatnuoc.meta-advanced-programming-in-swiftUITests";
				PRODUCT_NAME = "$(TARGET_NAME)";
				SWIFT_EMIT_LOC_STRINGS = NO;
				SWIFT_VERSION = 5.0;
				TARGETED_DEVICE_FAMILY = "1,2";
				TEST_TARGET_NAME = "meta-advanced-programming-in-swift";
			};
			name = Release;
		};
/* End XCBuildConfiguration section */

/* Begin XCConfigurationList section */
		0B8C340D2A23433E00E94B2E /* Build configuration list for PBXProject "meta-advanced-programming-in-swift" */ = {
			isa = XCConfigurationList;
			buildConfigurations = (
				0B8C34342A23434100E94B2E /* Debug */,
				0B8C34352A23434100E94B2E /* Release */,
			);
			defaultConfigurationIsVisible = 0;
			defaultConfigurationName = Release;
		};
		0B8C34362A23434100E94B2E /* Build configuration list for PBXNativeTarget "meta-advanced-programming-in-swift" */ = {
			isa = XCConfigurationList;
			buildConfigurations = (
				0B8C34372A23434100E94B2E /* Debug */,
				0B8C34382A23434100E94B2E /* Release */,
			);
			defaultConfigurationIsVisible = 0;
			defaultConfigurationName = Release;
		};
		0B8C34392A23434100E94B2E /* Build configuration list for PBXNativeTarget "meta-advanced-programming-in-swiftTests" */ = {
			isa = XCConfigurationList;
			buildConfigurations = (
				0B8C343A2A23434100E94B2E /* Debug */,
				0B8C343B2A23434100E94B2E /* Release */,
			);
			defaultConfigurationIsVisible = 0;
			defaultConfigurationName = Release;
		};
		0B8C343C2A23434100E94B2E /* Build configuration list for PBXNativeTarget "meta-advanced-programming-in-swiftUITests" */ = {
			isa = XCConfigurationList;
			buildConfigurations = (
				0B8C343D2A23434100E94B2E /* Debug */,
				0B8C343E2A23434100E94B2E /* Release */,
			);
			defaultConfigurationIsVisible = 0;
			defaultConfigurationName = Release;
		};
/* End XCConfigurationList section */
	};
	rootObject = 0B8C340A2A23433E00E94B2E /* Project object */;
}
